
Microsoft Visual Studio Solution File, Format Version 12.00
# Visual Studio Version 16
VisualStudioVersion = 16.0.30104.148
MinimumVisualStudioVersion = 15.0.26124.0
Project("{9A19103F-16F7-4668-BE54-9A1E7A4F7556}") = "Domain", "Domain\Domain.csproj", "{F51D43F8-FC35-4D3A-B3A2-A33B2964B7D8}"
EndProject
Project("{9A19103F-16F7-4668-BE54-9A1E7A4F7556}") = "Application", "Application\Application.csproj", "{41727320-947E-4616-962E-168670E2C5DA}"
EndProject
Project("{9A19103F-16F7-4668-BE54-9A1E7A4F7556}") = "Persistence", "Persistence\Persistence.csproj", "{CA20C8F3-1E13-4086-A2AD-4FFFB8F85A62}"
EndProject
Project("{9A19103F-16F7-4668-BE54-9A1E7A4F7556}") = "API", "API\API.csproj", "{C3CDCD85-B6AA-4306-BFE1-898CB3FC1AAD}"
EndProject
Project("{9A19103F-16F7-4668-BE54-9A1E7A4F7556}") = "Infrastructure", "Infrastructure\Infrastructure.csproj", "{3C4B2D76-A5F1-4210-8B10-97B2E467152C}"
EndProject
Project("{2150E333-8FDC-42A3-9474-1A3956D46DE8}") = "Tests", "Tests", "{E607FF44-45AD-48F3-AEF5-AC623BE42F70}"
EndProject
Project("{9A19103F-16F7-4668-BE54-9A1E7A4F7556}") = "Application.Tests", "Tests\Application.Tests\Application.Tests.csproj", "{9869B077-995D-495D-8CD1-417D7CEC5ECB}"
EndProject
Global
	GlobalSection(SolutionConfigurationPlatforms) = preSolution
		Debug|Any CPU = Debug|Any CPU
		Debug|x64 = Debug|x64
		Debug|x86 = Debug|x86
		Release|Any CPU = Release|Any CPU
		Release|x64 = Release|x64
		Release|x86 = Release|x86
	EndGlobalSection
	GlobalSection(ProjectConfigurationPlatforms) = postSolution
		{F51D43F8-FC35-4D3A-B3A2-A33B2964B7D8}.Debug|Any CPU.ActiveCfg = Debug|Any CPU
		{F51D43F8-FC35-4D3A-B3A2-A33B2964B7D8}.Debug|Any CPU.Build.0 = Debug|Any CPU
		{F51D43F8-FC35-4D3A-B3A2-A33B2964B7D8}.Debug|x64.ActiveCfg = Debug|Any CPU
		{F51D43F8-FC35-4D3A-B3A2-A33B2964B7D8}.Debug|x64.Build.0 = Debug|Any CPU
		{F51D43F8-FC35-4D3A-B3A2-A33B2964B7D8}.Debug|x86.ActiveCfg = Debug|Any CPU
		{F51D43F8-FC35-4D3A-B3A2-A33B2964B7D8}.Debug|x86.Build.0 = Debug|Any CPU
		{F51D43F8-FC35-4D3A-B3A2-A33B2964B7D8}.Release|Any CPU.ActiveCfg = Release|Any CPU
		{F51D43F8-FC35-4D3A-B3A2-A33B2964B7D8}.Release|Any CPU.Build.0 = Release|Any CPU
		{F51D43F8-FC35-4D3A-B3A2-A33B2964B7D8}.Release|x64.ActiveCfg = Release|Any CPU
		{F51D43F8-FC35-4D3A-B3A2-A33B2964B7D8}.Release|x64.Build.0 = Release|Any CPU
		{F51D43F8-FC35-4D3A-B3A2-A33B2964B7D8}.Release|x86.ActiveCfg = Release|Any CPU
		{F51D43F8-FC35-4D3A-B3A2-A33B2964B7D8}.Release|x86.Build.0 = Release|Any CPU
		{41727320-947E-4616-962E-168670E2C5DA}.Debug|Any CPU.ActiveCfg = Debug|Any CPU
		{41727320-947E-4616-962E-168670E2C5DA}.Debug|Any CPU.Build.0 = Debug|Any CPU
		{41727320-947E-4616-962E-168670E2C5DA}.Debug|x64.ActiveCfg = Debug|Any CPU
		{41727320-947E-4616-962E-168670E2C5DA}.Debug|x64.Build.0 = Debug|Any CPU
		{41727320-947E-4616-962E-168670E2C5DA}.Debug|x86.ActiveCfg = Debug|Any CPU
		{41727320-947E-4616-962E-168670E2C5DA}.Debug|x86.Build.0 = Debug|Any CPU
		{41727320-947E-4616-962E-168670E2C5DA}.Release|Any CPU.ActiveCfg = Release|Any CPU
		{41727320-947E-4616-962E-168670E2C5DA}.Release|Any CPU.Build.0 = Release|Any CPU
		{41727320-947E-4616-962E-168670E2C5DA}.Release|x64.ActiveCfg = Release|Any CPU
		{41727320-947E-4616-962E-168670E2C5DA}.Release|x64.Build.0 = Release|Any CPU
		{41727320-947E-4616-962E-168670E2C5DA}.Release|x86.ActiveCfg = Release|Any CPU
		{41727320-947E-4616-962E-168670E2C5DA}.Release|x86.Build.0 = Release|Any CPU
		{CA20C8F3-1E13-4086-A2AD-4FFFB8F85A62}.Debug|Any CPU.ActiveCfg = Debug|Any CPU
		{CA20C8F3-1E13-4086-A2AD-4FFFB8F85A62}.Debug|Any CPU.Build.0 = Debug|Any CPU
		{CA20C8F3-1E13-4086-A2AD-4FFFB8F85A62}.Debug|x64.ActiveCfg = Debug|Any CPU
		{CA20C8F3-1E13-4086-A2AD-4FFFB8F85A62}.Debug|x64.Build.0 = Debug|Any CPU
		{CA20C8F3-1E13-4086-A2AD-4FFFB8F85A62}.Debug|x86.ActiveCfg = Debug|Any CPU
		{CA20C8F3-1E13-4086-A2AD-4FFFB8F85A62}.Debug|x86.Build.0 = Debug|Any CPU
		{CA20C8F3-1E13-4086-A2AD-4FFFB8F85A62}.Release|Any CPU.ActiveCfg = Release|Any CPU
		{CA20C8F3-1E13-4086-A2AD-4FFFB8F85A62}.Release|Any CPU.Build.0 = Release|Any CPU
		{CA20C8F3-1E13-4086-A2AD-4FFFB8F85A62}.Release|x64.ActiveCfg = Release|Any CPU
		{CA20C8F3-1E13-4086-A2AD-4FFFB8F85A62}.Release|x64.Build.0 = Release|Any CPU
		{CA20C8F3-1E13-4086-A2AD-4FFFB8F85A62}.Release|x86.ActiveCfg = Release|Any CPU
		{CA20C8F3-1E13-4086-A2AD-4FFFB8F85A62}.Release|x86.Build.0 = Release|Any CPU
		{C3CDCD85-B6AA-4306-BFE1-898CB3FC1AAD}.Debug|Any CPU.ActiveCfg = Debug|Any CPU
		{C3CDCD85-B6AA-4306-BFE1-898CB3FC1AAD}.Debug|Any CPU.Build.0 = Debug|Any CPU
		{C3CDCD85-B6AA-4306-BFE1-898CB3FC1AAD}.Debug|x64.ActiveCfg = Debug|Any CPU
		{C3CDCD85-B6AA-4306-BFE1-898CB3FC1AAD}.Debug|x64.Build.0 = Debug|Any CPU
		{C3CDCD85-B6AA-4306-BFE1-898CB3FC1AAD}.Debug|x86.ActiveCfg = Debug|Any CPU
		{C3CDCD85-B6AA-4306-BFE1-898CB3FC1AAD}.Debug|x86.Build.0 = Debug|Any CPU
		{C3CDCD85-B6AA-4306-BFE1-898CB3FC1AAD}.Release|Any CPU.ActiveCfg = Release|Any CPU
		{C3CDCD85-B6AA-4306-BFE1-898CB3FC1AAD}.Release|Any CPU.Build.0 = Release|Any CPU
		{C3CDCD85-B6AA-4306-BFE1-898CB3FC1AAD}.Release|x64.ActiveCfg = Release|Any CPU
		{C3CDCD85-B6AA-4306-BFE1-898CB3FC1AAD}.Release|x64.Build.0 = Release|Any CPU
		{C3CDCD85-B6AA-4306-BFE1-898CB3FC1AAD}.Release|x86.ActiveCfg = Release|Any CPU
		{C3CDCD85-B6AA-4306-BFE1-898CB3FC1AAD}.Release|x86.Build.0 = Release|Any CPU
		{3C4B2D76-A5F1-4210-8B10-97B2E467152C}.Debug|Any CPU.ActiveCfg = Debug|Any CPU
		{3C4B2D76-A5F1-4210-8B10-97B2E467152C}.Debug|Any CPU.Build.0 = Debug|Any CPU
		{3C4B2D76-A5F1-4210-8B10-97B2E467152C}.Debug|x64.ActiveCfg = Debug|Any CPU
		{3C4B2D76-A5F1-4210-8B10-97B2E467152C}.Debug|x64.Build.0 = Debug|Any CPU
		{3C4B2D76-A5F1-4210-8B10-97B2E467152C}.Debug|x86.ActiveCfg = Debug|Any CPU
		{3C4B2D76-A5F1-4210-8B10-97B2E467152C}.Debug|x86.Build.0 = Debug|Any CPU
		{3C4B2D76-A5F1-4210-8B10-97B2E467152C}.Release|Any CPU.ActiveCfg = Release|Any CPU
		{3C4B2D76-A5F1-4210-8B10-97B2E467152C}.Release|Any CPU.Build.0 = Release|Any CPU
		{3C4B2D76-A5F1-4210-8B10-97B2E467152C}.Release|x64.ActiveCfg = Release|Any CPU
		{3C4B2D76-A5F1-4210-8B10-97B2E467152C}.Release|x64.Build.0 = Release|Any CPU
		{3C4B2D76-A5F1-4210-8B10-97B2E467152C}.Release|x86.ActiveCfg = Release|Any CPU
		{3C4B2D76-A5F1-4210-8B10-97B2E467152C}.Release|x86.Build.0 = Release|Any CPU
		{9869B077-995D-495D-8CD1-417D7CEC5ECB}.Debug|Any CPU.ActiveCfg = Debug|Any CPU
		{9869B077-995D-495D-8CD1-417D7CEC5ECB}.Debug|Any CPU.Build.0 = Debug|Any CPU
		{9869B077-995D-495D-8CD1-417D7CEC5ECB}.Debug|x64.ActiveCfg = Debug|Any CPU
		{9869B077-995D-495D-8CD1-417D7CEC5ECB}.Debug|x64.Build.0 = Debug|Any CPU
		{9869B077-995D-495D-8CD1-417D7CEC5ECB}.Debug|x86.ActiveCfg = Debug|Any CPU
		{9869B077-995D-495D-8CD1-417D7CEC5ECB}.Debug|x86.Build.0 = Debug|Any CPU
		{9869B077-995D-495D-8CD1-417D7CEC5ECB}.Release|Any CPU.ActiveCfg = Release|Any CPU
		{9869B077-995D-495D-8CD1-417D7CEC5ECB}.Release|Any CPU.Build.0 = Release|Any CPU
		{9869B077-995D-495D-8CD1-417D7CEC5ECB}.Release|x64.ActiveCfg = Release|Any CPU
		{9869B077-995D-495D-8CD1-417D7CEC5ECB}.Release|x64.Build.0 = Release|Any CPU
		{9869B077-995D-495D-8CD1-417D7CEC5ECB}.Release|x86.ActiveCfg = Release|Any CPU
		{9869B077-995D-495D-8CD1-417D7CEC5ECB}.Release|x86.Build.0 = Release|Any CPU
	EndGlobalSection
	GlobalSection(SolutionProperties) = preSolution
		HideSolutionNode = FALSE
	EndGlobalSection
	GlobalSection(NestedProjects) = preSolution
		{9869B077-995D-495D-8CD1-417D7CEC5ECB} = {E607FF44-45AD-48F3-AEF5-AC623BE42F70}
	EndGlobalSection
	GlobalSection(ExtensibilityGlobals) = postSolution
		SolutionGuid = {1E90AFB2-724D-4C29-817E-8F1604C137E4}
	EndGlobalSection
EndGlobal
